
Microsoft Visual Studio Solution File, Format Version 12.00
# Visual Studio Version 17
VisualStudioVersion = 17.6.33723.286
MinimumVisualStudioVersion = 10.0.40219.1
Project("{FAE04EC0-301F-11D3-BF4B-00C04F79EFBC}") = "Event", "Event\Event.csproj", "{A7188A20-49FE-4A17-95FF-46B08419A1FD}"
EndProject
Global
	GlobalSection(SolutionConfigurationPlatforms) = preSolution
		Debug|Any CPU = Debug|Any CPU
		Release|Any CPU = Release|Any CPU
	EndGlobalSection
	GlobalSection(ProjectConfigurationPlatforms) = postSolution
		{A7188A20-49FE-4A17-95FF-46B08419A1FD}.Debug|Any CPU.ActiveCfg = Debug|Any CPU
		{A7188A20-49FE-4A17-95FF-46B08419A1FD}.Debug|Any CPU.Build.0 = Debug|Any CPU
		{A7188A20-49FE-4A17-95FF-46B08419A1FD}.Release|Any CPU.ActiveCfg = Release|Any CPU
		{A7188A20-49FE-4A17-95FF-46B08419A1FD}.Release|Any CPU.Build.0 = Release|Any CPU
	EndGlobalSection
	GlobalSection(SolutionProperties) = preSolution
		HideSolutionNode = FALSE
	EndGlobalSection
	GlobalSection(ExtensibilityGlobals) = postSolution
		SolutionGuid = {C07588BF-FF7F-455E-ACB9-460B58EB7E0F}
	EndGlobalSection
EndGlobal
