
Microsoft Visual Studio Solution File, Format Version 12.00
# Visual Studio Version 17
VisualStudioVersion = 17.6.33723.286
MinimumVisualStudioVersion = 10.0.40219.1
Project("{FAE04EC0-301F-11D3-BF4B-00C04F79EFBC}") = "genericStack", "genericStack\genericStack.csproj", "{619CC86C-5EE9-4563-B9C7-54ADBF5D0F30}"
EndProject
Global
	GlobalSection(SolutionConfigurationPlatforms) = preSolution
		Debug|Any CPU = Debug|Any CPU
		Release|Any CPU = Release|Any CPU
	EndGlobalSection
	GlobalSection(ProjectConfigurationPlatforms) = postSolution
		{619CC86C-5EE9-4563-B9C7-54ADBF5D0F30}.Debug|Any CPU.ActiveCfg = Debug|Any CPU
		{619CC86C-5EE9-4563-B9C7-54ADBF5D0F30}.Debug|Any CPU.Build.0 = Debug|Any CPU
		{619CC86C-5EE9-4563-B9C7-54ADBF5D0F30}.Release|Any CPU.ActiveCfg = Release|Any CPU
		{619CC86C-5EE9-4563-B9C7-54ADBF5D0F30}.Release|Any CPU.Build.0 = Release|Any CPU
	EndGlobalSection
	GlobalSection(SolutionProperties) = preSolution
		HideSolutionNode = FALSE
	EndGlobalSection
	GlobalSection(ExtensibilityGlobals) = postSolution
		SolutionGuid = {5CE2B5AA-FEBD-4988-9658-AE5B6E7E17E2}
	EndGlobalSection
EndGlobal
