
Microsoft Visual Studio Solution File, Format Version 12.00
# Visual Studio Version 17
VisualStudioVersion = 17.6.33723.286
MinimumVisualStudioVersion = 10.0.40219.1
Project("{FAE04EC0-301F-11D3-BF4B-00C04F79EFBC}") = "hesapMakinesi", "hesapMakinesi\hesapMakinesi.csproj", "{C83C1BB8-38BD-4F27-B58E-C76FAC6E315E}"
EndProject
Global
	GlobalSection(SolutionConfigurationPlatforms) = preSolution
		Debug|Any CPU = Debug|Any CPU
		Release|Any CPU = Release|Any CPU
	EndGlobalSection
	GlobalSection(ProjectConfigurationPlatforms) = postSolution
		{C83C1BB8-38BD-4F27-B58E-C76FAC6E315E}.Debug|Any CPU.ActiveCfg = Debug|Any CPU
		{C83C1BB8-38BD-4F27-B58E-C76FAC6E315E}.Debug|Any CPU.Build.0 = Debug|Any CPU
		{C83C1BB8-38BD-4F27-B58E-C76FAC6E315E}.Release|Any CPU.ActiveCfg = Release|Any CPU
		{C83C1BB8-38BD-4F27-B58E-C76FAC6E315E}.Release|Any CPU.Build.0 = Release|Any CPU
	EndGlobalSection
	GlobalSection(SolutionProperties) = preSolution
		HideSolutionNode = FALSE
	EndGlobalSection
	GlobalSection(ExtensibilityGlobals) = postSolution
		SolutionGuid = {AD3EBE96-3585-4C91-87C0-6695D32AB18D}
	EndGlobalSection
EndGlobal
