
Microsoft Visual Studio Solution File, Format Version 12.00
# Visual Studio Version 17
VisualStudioVersion = 17.6.33723.286
MinimumVisualStudioVersion = 10.0.40219.1
Project("{FAE04EC0-301F-11D3-BF4B-00C04F79EFBC}") = "kullaniciGirisi", "kullaniciGirisi\kullaniciGirisi.csproj", "{642FB4A1-77D9-44E2-94BB-9F1BCF92D5D8}"
EndProject
Global
	GlobalSection(SolutionConfigurationPlatforms) = preSolution
		Debug|Any CPU = Debug|Any CPU
		Release|Any CPU = Release|Any CPU
	EndGlobalSection
	GlobalSection(ProjectConfigurationPlatforms) = postSolution
		{642FB4A1-77D9-44E2-94BB-9F1BCF92D5D8}.Debug|Any CPU.ActiveCfg = Debug|Any CPU
		{642FB4A1-77D9-44E2-94BB-9F1BCF92D5D8}.Debug|Any CPU.Build.0 = Debug|Any CPU
		{642FB4A1-77D9-44E2-94BB-9F1BCF92D5D8}.Release|Any CPU.ActiveCfg = Release|Any CPU
		{642FB4A1-77D9-44E2-94BB-9F1BCF92D5D8}.Release|Any CPU.Build.0 = Release|Any CPU
	EndGlobalSection
	GlobalSection(SolutionProperties) = preSolution
		HideSolutionNode = FALSE
	EndGlobalSection
	GlobalSection(ExtensibilityGlobals) = postSolution
		SolutionGuid = {6F8E8CAD-E695-46C3-82C1-57A46486D594}
	EndGlobalSection
EndGlobal
